
Microsoft Visual Studio Solution File, Format Version 12.00
# Visual Studio 2013
VisualStudioVersion = 12.0.31101.0
MinimumVisualStudioVersion = 10.0.40219.1
Project("{FAE04EC0-301F-11D3-BF4B-00C04F79EFBC}") = "SmartMarket", "SmartMarket\SmartMarket.csproj", "{B670B9C7-69D8-4330-86DD-9633D70ED75D}"
EndProject
Global
	GlobalSection(SolutionConfigurationPlatforms) = preSolution
		Debug|Any CPU = Debug|Any CPU
		Release|Any CPU = Release|Any CPU
	EndGlobalSection
	GlobalSection(ProjectConfigurationPlatforms) = postSolution
		{B670B9C7-69D8-4330-86DD-9633D70ED75D}.Debug|Any CPU.ActiveCfg = Debug|Any CPU
		{B670B9C7-69D8-4330-86DD-9633D70ED75D}.Debug|Any CPU.Build.0 = Debug|Any CPU
		{B670B9C7-69D8-4330-86DD-9633D70ED75D}.Release|Any CPU.ActiveCfg = Release|Any CPU
		{B670B9C7-69D8-4330-86DD-9633D70ED75D}.Release|Any CPU.Build.0 = Release|Any CPU
	EndGlobalSection
	GlobalSection(SolutionProperties) = preSolution
		HideSolutionNode = FALSE
	EndGlobalSection
EndGlobal
